
Microsoft Visual Studio Solution File, Format Version 12.00
# Visual Studio Version 16
VisualStudioVersion = 16.0.30517.126
MinimumVisualStudioVersion = 10.0.40219.1
Project("{FAE04EC0-301F-11D3-BF4B-00C04F79EFBC}") = "NFCTile", "NFCTile\NFCTile.csproj", "{D8D08691-6510-451B-9E8D-74C8A969F56A}"
EndProject
Global
	GlobalSection(SolutionConfigurationPlatforms) = preSolution
		Debug|Any CPU = Debug|Any CPU
		Release|Any CPU = Release|Any CPU
	EndGlobalSection
	GlobalSection(ProjectConfigurationPlatforms) = postSolution
		{D8D08691-6510-451B-9E8D-74C8A969F56A}.Debug|Any CPU.ActiveCfg = Debug|Any CPU
		{D8D08691-6510-451B-9E8D-74C8A969F56A}.Debug|Any CPU.Build.0 = Debug|Any CPU
		{D8D08691-6510-451B-9E8D-74C8A969F56A}.Debug|Any CPU.Deploy.0 = Debug|Any CPU
		{D8D08691-6510-451B-9E8D-74C8A969F56A}.Release|Any CPU.ActiveCfg = Release|Any CPU
		{D8D08691-6510-451B-9E8D-74C8A969F56A}.Release|Any CPU.Build.0 = Release|Any CPU
		{D8D08691-6510-451B-9E8D-74C8A969F56A}.Release|Any CPU.Deploy.0 = Release|Any CPU
	EndGlobalSection
	GlobalSection(SolutionProperties) = preSolution
		HideSolutionNode = FALSE
	EndGlobalSection
	GlobalSection(ExtensibilityGlobals) = postSolution
		SolutionGuid = {2CABC5BE-3E47-4E52-AD1E-7A31DE1FFCA8}
	EndGlobalSection
EndGlobal
